{
    "_meta": {
        "hash": {
            "sha256": "226671311bed6b0cb1bd5d48b9216e252e213bea0816689469abac7ac2a57423"
        },
        "pipfile-spec": 6,
        "requires": {
            "python_version": "3.7"
        },
        "sources": [
            {
                "name": "pypi",
                "url": "https://pypi.org/simple",
                "verify_ssl": true
            }
        ]
    },
    "default": {
        "certifi": {
            "hashes": [
                "sha256:4c1d68a1408dd090d2f3a869aa94c3947cc1d967821d1ed303208c9f41f0f2f4",
                "sha256:b6e8b28b2b7e771a41ecdd12d4d43262ecab52adebbafa42c77d6b57fb6ad3a4"
            ],
            "version": "==2018.8.13"
        },
        "chardet": {
            "hashes": [
                "sha256:84ab92ed1c4d4f16916e05906b6b75a6c0fb5db821cc65e70cbd64a3e2a5eaae",
                "sha256:fc323ffcaeaed0e0a02bf4d117757b98aed530d9ed4531e3e15460124c106691"
            ],
            "version": "==3.0.4"
        },
        "gitdb2": {
            "hashes": [
                "sha256:87783b7f4a8f6b71c7fe81d32179b3c8781c1a7d6fa0c69bff2f315b00aff4f8",
                "sha256:bb4c85b8a58531c51373c89f92163b92f30f81369605a67cd52d1fc21246c044"
            ],
            "version": "==2.0.4"
        },
        "gitpython": {
            "hashes": [
                "sha256:563221e5a44369c6b79172f455584c9ebbb122a13368cc82cb4b5addff788f82",
                "sha256:8237dc5bfd6f1366abeee5624111b9d6879393d84745a507de0fda86043b65a8"
            ],
            "version": "==2.1.11"
        },
        "idna": {
            "hashes": [
                "sha256:156a6814fb5ac1fc6850fb002e0852d56c0c8d2531923a51032d1b70760e186e",
                "sha256:684a38a6f903c1d71d6d5fac066b58d7768af4de2b832e426ec79c30daa94a16"
            ],
            "version": "==2.7"
        },
        "kll": {
            "hashes": [
                "sha256:c53cc55bc57efe097c3d6d766492990e1637b5b9fa1e2f31b4a1069a20145ca0",
                "sha256:f9de9cdc42ec5fb0117f80fd8d0dadc2c4be05637b71e680daea33988d2b9d8a"
            ],
            "index": "pypi",
            "version": "==0.5.5.5"
        },
        "layouts": {
            "hashes": [
                "sha256:44177c7b2acf4d4dbe145c64aceec8ba642ab99033764df8caa33336bfffb6a2",
                "sha256:63f5eb1f070f5d8dad995247bb9dc532b2bdc92e567ab9d3427c83c0c8030e16"
            ],
            "version": "==0.4.5"
        },
        "pygithub": {
            "hashes": [
                "sha256:8a87bc0fbd0b70c2f12911f7f25a493cd13371bc1bbac6c548cc61b69e7d006f"
            ],
            "version": "==1.39"
        },
        "pyjwt": {
            "hashes": [
                "sha256:30b1380ff43b55441283cc2b2676b755cca45693ae3097325dea01f3d110628c",
                "sha256:4ee413b357d53fd3fb44704577afac88e72e878716116270d722723d65b42176"
            ],
            "version": "==1.6.4"
        },
        "requests": {
            "hashes": [
                "sha256:63b52e3c866428a224f97cab011de738c36aec0185aa91cfacd418b5d58911d1",
                "sha256:ec22d826a36ed72a7358ff3fe56cbd4ba69dd7a6718ffd450ff0e9df7a47ce6a"
            ],
            "version": "==2.19.1"
        },
        "smmap2": {
            "hashes": [
                "sha256:0dd53d991af487f9b22774fa89451358da3607c02b9b886a54736c6a313ece0b",
                "sha256:dc216005e529d57007ace27048eb336dcecb7fc413cfb3b2f402bb25972b69c6"
            ],
            "version": "==2.0.4"
        },
        "urllib3": {
            "hashes": [
                "sha256:a68ac5e15e76e7e5dd2b8f94007233e01effe3e50e8daddf69acfd81cb686baf",
                "sha256:b5725a0bd4ba422ab0e66e89e030c806576753ea3ee08554382c14e685d117b5"
            ],
            "markers": "python_version != '3.3.*' and python_version != '3.0.*' and python_version != '3.1.*' and python_version != '3.2.*' and python_version >= '2.6' and python_version < '4'",
            "version": "==1.23"
        }
    },
    "develop": {}
}
